
Microsoft Visual Studio Solution File, Format Version 12.00
# Visual Studio Version 17
VisualStudioVersion = 17.0.31903.59
MinimumVisualStudioVersion = 10.0.40219.1
Project("{2150E333-8FDC-42A3-9474-1A3956D46DE8}") = "src", "src", "{9F55BA56-C7A1-40CF-875E-8CE1BD03917A}"
EndProject
Project("{FAE04EC0-301F-11D3-BF4B-00C04F79EFBC}") = "Domain", "src\Domain\Domain.csproj", "{3C401477-F51F-47AA-8C66-DCB13B8DEFB2}"
EndProject
Project("{FAE04EC0-301F-11D3-BF4B-00C04F79EFBC}") = "Infrastructure", "src\Infrastructure\Infrastructure.csproj", "{597636B2-3696-4B33-9EC3-5AD3A516E02C}"
EndProject
Project("{FAE04EC0-301F-11D3-BF4B-00C04F79EFBC}") = "WebApp", "src\WebApp\WebApp.csproj", "{65CFD75F-40F8-4437-BA38-530218CD8F0B}"
EndProject
Project("{2150E333-8FDC-42A3-9474-1A3956D46DE8}") = "Solution Items", "Solution Items", "{41350301-4265-4C9D-8A0F-2FE75BB2F953}"
	ProjectSection(SolutionItems) = preProject
		docker-compose.yml = docker-compose.yml
	EndProjectSection
EndProject
Global
	GlobalSection(SolutionConfigurationPlatforms) = preSolution
		Debug|Any CPU = Debug|Any CPU
		Release|Any CPU = Release|Any CPU
	EndGlobalSection
	GlobalSection(SolutionProperties) = preSolution
		HideSolutionNode = FALSE
	EndGlobalSection
	GlobalSection(ProjectConfigurationPlatforms) = postSolution
		{3C401477-F51F-47AA-8C66-DCB13B8DEFB2}.Debug|Any CPU.ActiveCfg = Debug|Any CPU
		{3C401477-F51F-47AA-8C66-DCB13B8DEFB2}.Debug|Any CPU.Build.0 = Debug|Any CPU
		{3C401477-F51F-47AA-8C66-DCB13B8DEFB2}.Release|Any CPU.ActiveCfg = Release|Any CPU
		{3C401477-F51F-47AA-8C66-DCB13B8DEFB2}.Release|Any CPU.Build.0 = Release|Any CPU
		{597636B2-3696-4B33-9EC3-5AD3A516E02C}.Debug|Any CPU.ActiveCfg = Debug|Any CPU
		{597636B2-3696-4B33-9EC3-5AD3A516E02C}.Debug|Any CPU.Build.0 = Debug|Any CPU
		{597636B2-3696-4B33-9EC3-5AD3A516E02C}.Release|Any CPU.ActiveCfg = Release|Any CPU
		{597636B2-3696-4B33-9EC3-5AD3A516E02C}.Release|Any CPU.Build.0 = Release|Any CPU
		{65CFD75F-40F8-4437-BA38-530218CD8F0B}.Debug|Any CPU.ActiveCfg = Debug|Any CPU
		{65CFD75F-40F8-4437-BA38-530218CD8F0B}.Debug|Any CPU.Build.0 = Debug|Any CPU
		{65CFD75F-40F8-4437-BA38-530218CD8F0B}.Release|Any CPU.ActiveCfg = Release|Any CPU
		{65CFD75F-40F8-4437-BA38-530218CD8F0B}.Release|Any CPU.Build.0 = Release|Any CPU
	EndGlobalSection
	GlobalSection(NestedProjects) = preSolution
		{3C401477-F51F-47AA-8C66-DCB13B8DEFB2} = {9F55BA56-C7A1-40CF-875E-8CE1BD03917A}
		{597636B2-3696-4B33-9EC3-5AD3A516E02C} = {9F55BA56-C7A1-40CF-875E-8CE1BD03917A}
		{65CFD75F-40F8-4437-BA38-530218CD8F0B} = {9F55BA56-C7A1-40CF-875E-8CE1BD03917A}
	EndGlobalSection
EndGlobal
